
Microsoft Visual Studio Solution File, Format Version 12.00
# Visual Studio 15
VisualStudioVersion = 15.0.26730.12
MinimumVisualStudioVersion = 10.0.40219.1
Project("{FAE04EC0-301F-11D3-BF4B-00C04F79EFBC}") = "MainMS", "MainMS\MainMS.csproj", "{05404185-BBE7-45B8-858A-DD6C4ED30ED2}"
EndProject
Global
	GlobalSection(SolutionConfigurationPlatforms) = preSolution
		Debug|Any CPU = Debug|Any CPU
		Release|Any CPU = Release|Any CPU
	EndGlobalSection
	GlobalSection(ProjectConfigurationPlatforms) = postSolution
		{05404185-BBE7-45B8-858A-DD6C4ED30ED2}.Debug|Any CPU.ActiveCfg = Debug|Any CPU
		{05404185-BBE7-45B8-858A-DD6C4ED30ED2}.Debug|Any CPU.Build.0 = Debug|Any CPU
		{05404185-BBE7-45B8-858A-DD6C4ED30ED2}.Release|Any CPU.ActiveCfg = Release|Any CPU
		{05404185-BBE7-45B8-858A-DD6C4ED30ED2}.Release|Any CPU.Build.0 = Release|Any CPU
	EndGlobalSection
	GlobalSection(SolutionProperties) = preSolution
		HideSolutionNode = FALSE
	EndGlobalSection
	GlobalSection(ExtensibilityGlobals) = postSolution
		SolutionGuid = {E69B1710-6E54-47A2-ADC2-77D0EE7DF973}
	EndGlobalSection
EndGlobal
